
Microsoft Visual Studio Solution File, Format Version 12.00
# Visual Studio Version 16
VisualStudioVersion = 16.0.29911.84
MinimumVisualStudioVersion = 10.0.40219.1
Project("{9A19103F-16F7-4668-BE54-9A1E7A4F7556}") = "CoreLoginEfDbFirst", "CoreLoginEfDbFirst\CoreLoginEfDbFirst.csproj", "{5995B9A8-9E5E-4C3A-8FDE-07F3A634B09E}"
EndProject
Project("{9A19103F-16F7-4668-BE54-9A1E7A4F7556}") = "StudentPro", "StudentPro\StudentPro\StudentPro.csproj", "{7251A904-621D-4E72-A9F1-28D292081540}"
EndProject
Project("{9A19103F-16F7-4668-BE54-9A1E7A4F7556}") = "StudentsProgress.Web", "StudentsProgress.Web\StudentsProgress.Web.csproj", "{C059857F-F677-449D-B879-5B1E7B3D02DB}"
EndProject
Project("{FAE04EC0-301F-11D3-BF4B-00C04F79EFBC}") = "StudentsProgress.Tests", "StudentsProgress.Tests\StudentsProgress.Tests.csproj", "{F396BB53-EC15-4EF6-ABD1-CAC52886571A}"
EndProject
Global
	GlobalSection(SolutionConfigurationPlatforms) = preSolution
		Debug|Any CPU = Debug|Any CPU
		Release|Any CPU = Release|Any CPU
	EndGlobalSection
	GlobalSection(ProjectConfigurationPlatforms) = postSolution
		{5995B9A8-9E5E-4C3A-8FDE-07F3A634B09E}.Debug|Any CPU.ActiveCfg = Debug|Any CPU
		{5995B9A8-9E5E-4C3A-8FDE-07F3A634B09E}.Debug|Any CPU.Build.0 = Debug|Any CPU
		{5995B9A8-9E5E-4C3A-8FDE-07F3A634B09E}.Release|Any CPU.ActiveCfg = Release|Any CPU
		{5995B9A8-9E5E-4C3A-8FDE-07F3A634B09E}.Release|Any CPU.Build.0 = Release|Any CPU
		{7251A904-621D-4E72-A9F1-28D292081540}.Debug|Any CPU.ActiveCfg = Debug|Any CPU
		{7251A904-621D-4E72-A9F1-28D292081540}.Debug|Any CPU.Build.0 = Debug|Any CPU
		{7251A904-621D-4E72-A9F1-28D292081540}.Release|Any CPU.ActiveCfg = Release|Any CPU
		{7251A904-621D-4E72-A9F1-28D292081540}.Release|Any CPU.Build.0 = Release|Any CPU
		{C059857F-F677-449D-B879-5B1E7B3D02DB}.Debug|Any CPU.ActiveCfg = Debug|Any CPU
		{C059857F-F677-449D-B879-5B1E7B3D02DB}.Debug|Any CPU.Build.0 = Debug|Any CPU
		{C059857F-F677-449D-B879-5B1E7B3D02DB}.Release|Any CPU.ActiveCfg = Release|Any CPU
		{C059857F-F677-449D-B879-5B1E7B3D02DB}.Release|Any CPU.Build.0 = Release|Any CPU
		{F396BB53-EC15-4EF6-ABD1-CAC52886571A}.Debug|Any CPU.ActiveCfg = Debug|Any CPU
		{F396BB53-EC15-4EF6-ABD1-CAC52886571A}.Debug|Any CPU.Build.0 = Debug|Any CPU
		{F396BB53-EC15-4EF6-ABD1-CAC52886571A}.Release|Any CPU.ActiveCfg = Release|Any CPU
		{F396BB53-EC15-4EF6-ABD1-CAC52886571A}.Release|Any CPU.Build.0 = Release|Any CPU
	EndGlobalSection
	GlobalSection(SolutionProperties) = preSolution
		HideSolutionNode = FALSE
	EndGlobalSection
	GlobalSection(ExtensibilityGlobals) = postSolution
		SolutionGuid = {1E201D6C-B645-433F-AFD7-A5F352900FC9}
	EndGlobalSection
EndGlobal
